
Microsoft Visual Studio Solution File, Format Version 12.00
# Visual Studio 15
VisualStudioVersion = 15.0.27703.2018
MinimumVisualStudioVersion = 10.0.40219.1
Project("{FAE04EC0-301F-11D3-BF4B-00C04F79EFBC}") = "DesignPatterns.SingleResponsibilityPrinciple", "DesignPatterns.SingleResponsibilityPrinciple\DesignPatterns.SingleResponsibilityPrinciple.csproj", "{8AF30333-F05F-471C-8F66-B96125B2B7F8}"
EndProject
Project("{FAE04EC0-301F-11D3-BF4B-00C04F79EFBC}") = "DesignPatterns.OpenClosedPrinciple", "DesignPatterns.OpenClosedPrinciple\DesignPatterns.OpenClosedPrinciple.csproj", "{0F08CC14-56C6-4D1C-9241-A87DF642F303}"
EndProject
Project("{FAE04EC0-301F-11D3-BF4B-00C04F79EFBC}") = "DesignPatterns.LiskovSubstitutionPrinciple", "DesignPatterns.LiskovSubstitutionPrinciple\DesignPatterns.LiskovSubstitutionPrinciple.csproj", "{86977E3C-2FEE-495C-BE34-059BA76797AD}"
EndProject
Project("{FAE04EC0-301F-11D3-BF4B-00C04F79EFBC}") = "DesignPatterns.InterfaceSegregationPrinciple", "DesignPatterns.InterfaceSegregationPrinciple\DesignPatterns.InterfaceSegregationPrinciple.csproj", "{870CBFFA-9214-468B-BD78-E30FB979C665}"
EndProject
Global
	GlobalSection(SolutionConfigurationPlatforms) = preSolution
		Debug|Any CPU = Debug|Any CPU
		Release|Any CPU = Release|Any CPU
	EndGlobalSection
	GlobalSection(ProjectConfigurationPlatforms) = postSolution
		{8AF30333-F05F-471C-8F66-B96125B2B7F8}.Debug|Any CPU.ActiveCfg = Debug|Any CPU
		{8AF30333-F05F-471C-8F66-B96125B2B7F8}.Debug|Any CPU.Build.0 = Debug|Any CPU
		{8AF30333-F05F-471C-8F66-B96125B2B7F8}.Release|Any CPU.ActiveCfg = Release|Any CPU
		{8AF30333-F05F-471C-8F66-B96125B2B7F8}.Release|Any CPU.Build.0 = Release|Any CPU
		{0F08CC14-56C6-4D1C-9241-A87DF642F303}.Debug|Any CPU.ActiveCfg = Debug|Any CPU
		{0F08CC14-56C6-4D1C-9241-A87DF642F303}.Debug|Any CPU.Build.0 = Debug|Any CPU
		{0F08CC14-56C6-4D1C-9241-A87DF642F303}.Release|Any CPU.ActiveCfg = Release|Any CPU
		{0F08CC14-56C6-4D1C-9241-A87DF642F303}.Release|Any CPU.Build.0 = Release|Any CPU
		{86977E3C-2FEE-495C-BE34-059BA76797AD}.Debug|Any CPU.ActiveCfg = Debug|Any CPU
		{86977E3C-2FEE-495C-BE34-059BA76797AD}.Debug|Any CPU.Build.0 = Debug|Any CPU
		{86977E3C-2FEE-495C-BE34-059BA76797AD}.Release|Any CPU.ActiveCfg = Release|Any CPU
		{86977E3C-2FEE-495C-BE34-059BA76797AD}.Release|Any CPU.Build.0 = Release|Any CPU
		{870CBFFA-9214-468B-BD78-E30FB979C665}.Debug|Any CPU.ActiveCfg = Debug|Any CPU
		{870CBFFA-9214-468B-BD78-E30FB979C665}.Debug|Any CPU.Build.0 = Debug|Any CPU
		{870CBFFA-9214-468B-BD78-E30FB979C665}.Release|Any CPU.ActiveCfg = Release|Any CPU
		{870CBFFA-9214-468B-BD78-E30FB979C665}.Release|Any CPU.Build.0 = Release|Any CPU
	EndGlobalSection
	GlobalSection(SolutionProperties) = preSolution
		HideSolutionNode = FALSE
	EndGlobalSection
	GlobalSection(ExtensibilityGlobals) = postSolution
		SolutionGuid = {273FDA0E-CBD8-4B4F-9E6A-62D56F5404D0}
	EndGlobalSection
EndGlobal
